// !$*UTF8*$!
{
	archiveVersion = 1;
	classes = {
	};
	objectVersion = 50;
	objects = {

/* Begin PBXBuildFile section */
		C702A9392309EA050059046B /* GameEngine.h in Headers */ = {isa = PBXBuildFile; fileRef = C702A9382309EA050059046B /* GameEngine.h */; };
		C702A93D2309ECBF0059046B /* EntryPoint.h in Headers */ = {isa = PBXBuildFile; fileRef = C702A93C2309ECBF0059046B /* EntryPoint.h */; };
		C78776C92309E661001C9B91 /* core.h in Headers */ = {isa = PBXBuildFile; fileRef = C78776C82309E661001C9B91 /* core.h */; };
		C78776CC2309E686001C9B91 /* Application.cpp in Sources */ = {isa = PBXBuildFile; fileRef = C78776CA2309E686001C9B91 /* Application.cpp */; };
		C78776CD2309E686001C9B91 /* Application.hpp in Headers */ = {isa = PBXBuildFile; fileRef = C78776CB2309E686001C9B91 /* Application.hpp */; };
/* End PBXBuildFile section */

/* Begin PBXCopyFilesBuildPhase section */
		C77DECCD2307167F00EC63AD /* CopyFiles */ = {
			isa = PBXCopyFilesBuildPhase;
			buildActionMask = 2147483647;
			dstPath = /usr/share/man/man1/;
			dstSubfolderSpec = 0;
			files = (
			);
			runOnlyForDeploymentPostprocessing = 1;
		};
/* End PBXCopyFilesBuildPhase section */

/* Begin PBXFileReference section */
		C702A9382309EA050059046B /* GameEngine.h */ = {isa = PBXFileReference; lastKnownFileType = sourcecode.c.h; path = GameEngine.h; sourceTree = "<group>"; };
		C702A93C2309ECBF0059046B /* EntryPoint.h */ = {isa = PBXFileReference; lastKnownFileType = sourcecode.c.h; path = EntryPoint.h; sourceTree = "<group>"; };
		C751D19223099A260050442E /* libgameEngineLib.dylib */ = {isa = PBXFileReference; explicitFileType = "compiled.mach-o.dylib"; includeInIndex = 0; path = libgameEngineLib.dylib; sourceTree = BUILT_PRODUCTS_DIR; };
		C77DECCF2307167F00EC63AD /* GameEngine */ = {isa = PBXFileReference; explicitFileType = "compiled.mach-o.executable"; includeInIndex = 0; path = GameEngine; sourceTree = BUILT_PRODUCTS_DIR; };
		C78776C82309E661001C9B91 /* core.h */ = {isa = PBXFileReference; lastKnownFileType = sourcecode.c.h; path = core.h; sourceTree = "<group>"; };
		C78776CA2309E686001C9B91 /* Application.cpp */ = {isa = PBXFileReference; lastKnownFileType = sourcecode.cpp.cpp; path = Application.cpp; sourceTree = "<group>"; };
		C78776CB2309E686001C9B91 /* Application.hpp */ = {isa = PBXFileReference; lastKnownFileType = sourcecode.cpp.h; path = Application.hpp; sourceTree = "<group>"; };
/* End PBXFileReference section */

/* Begin PBXFrameworksBuildPhase section */
		C751D19023099A260050442E /* Frameworks */ = {
			isa = PBXFrameworksBuildPhase;
			buildActionMask = 2147483647;
			files = (
			);
			runOnlyForDeploymentPostprocessing = 0;
		};
		C77DECCC2307167F00EC63AD /* Frameworks */ = {
			isa = PBXFrameworksBuildPhase;
			buildActionMask = 2147483647;
			files = (
			);
			runOnlyForDeploymentPostprocessing = 0;
		};
/* End PBXFrameworksBuildPhase section */

/* Begin PBXGroup section */
		C77DECC62307167F00EC63AD = {
			isa = PBXGroup;
			children = (
				C78776C62309E637001C9B91 /* New Group */,
				C77DECD12307167F00EC63AD /* GameEngine */,
				C77DECD02307167F00EC63AD /* Products */,
			);
			sourceTree = "<group>";
		};
		C77DECD02307167F00EC63AD /* Products */ = {
			isa = PBXGroup;
			children = (
				C77DECCF2307167F00EC63AD /* GameEngine */,
				C751D19223099A260050442E /* libgameEngineLib.dylib */,
			);
			name = Products;
			sourceTree = "<group>";
		};
		C77DECD12307167F00EC63AD /* GameEngine */ = {
			isa = PBXGroup;
			children = (
				C78776C72309E644001C9B91 /* src */,
				C702A9382309EA050059046B /* GameEngine.h */,
			);
			path = GameEngine;
			sourceTree = "<group>";
		};
		C78776C62309E637001C9B91 /* New Group */ = {
			isa = PBXGroup;
			children = (
			);
			path = "New Group";
			sourceTree = "<group>";
		};
		C78776C72309E644001C9B91 /* src */ = {
			isa = PBXGroup;
			children = (
				C78776CA2309E686001C9B91 /* Application.cpp */,
				C78776CB2309E686001C9B91 /* Application.hpp */,
				C78776C82309E661001C9B91 /* core.h */,
				C702A93C2309ECBF0059046B /* EntryPoint.h */,
			);
			path = src;
			sourceTree = "<group>";
		};
/* End PBXGroup section */

/* Begin PBXHeadersBuildPhase section */
		C751D18E23099A260050442E /* Headers */ = {
			isa = PBXHeadersBuildPhase;
			buildActionMask = 2147483647;
			files = (
				C78776C92309E661001C9B91 /* core.h in Headers */,
				C702A9392309EA050059046B /* GameEngine.h in Headers */,
				C702A93D2309ECBF0059046B /* EntryPoint.h in Headers */,
				C78776CD2309E686001C9B91 /* Application.hpp in Headers */,
			);
			runOnlyForDeploymentPostprocessing = 0;
		};
/* End PBXHeadersBuildPhase section */

/* Begin PBXNativeTarget section */
		C751D19123099A260050442E /* gameEngineLib */ = {
			isa = PBXNativeTarget;
			buildConfigurationList = C751D19523099A260050442E /* Build configuration list for PBXNativeTarget "gameEngineLib" */;
			buildPhases = (
				C751D18E23099A260050442E /* Headers */,
				C751D18F23099A260050442E /* Sources */,
				C751D19023099A260050442E /* Frameworks */,
			);
			buildRules = (
			);
			dependencies = (
			);
			name = gameEngineLib;
			productName = gameEngineLib;
			productReference = C751D19223099A260050442E /* libgameEngineLib.dylib */;
			productType = "com.apple.product-type.library.dynamic";
		};
		C77DECCE2307167F00EC63AD /* GameEngine */ = {
			isa = PBXNativeTarget;
			buildConfigurationList = C77DECD62307167F00EC63AD /* Build configuration list for PBXNativeTarget "GameEngine" */;
			buildPhases = (
				C77DECCB2307167F00EC63AD /* Sources */,
				C77DECCC2307167F00EC63AD /* Frameworks */,
				C77DECCD2307167F00EC63AD /* CopyFiles */,
			);
			buildRules = (
			);
			dependencies = (
			);
			name = GameEngine;
			productName = GameEngine;
			productReference = C77DECCF2307167F00EC63AD /* GameEngine */;
			productType = "com.apple.product-type.tool";
		};
/* End PBXNativeTarget section */

/* Begin PBXProject section */
		C77DECC72307167F00EC63AD /* Project object */ = {
			isa = PBXProject;
			attributes = {
				LastUpgradeCheck = 1030;
				ORGANIZATIONNAME = newbieSoft;
				TargetAttributes = {
					C751D19123099A260050442E = {
						CreatedOnToolsVersion = 10.3;
					};
					C77DECCE2307167F00EC63AD = {
						CreatedOnToolsVersion = 10.3;
					};
				};
			};
			buildConfigurationList = C77DECCA2307167F00EC63AD /* Build configuration list for PBXProject "GameEngine" */;
			compatibilityVersion = "Xcode 9.3";
			developmentRegion = en;
			hasScannedForEncodings = 0;
			knownRegions = (
				en,
			);
			mainGroup = C77DECC62307167F00EC63AD;
			productRefGroup = C77DECD02307167F00EC63AD /* Products */;
			projectDirPath = "";
			projectRoot = "";
			targets = (
				C77DECCE2307167F00EC63AD /* GameEngine */,
				C751D19123099A260050442E /* gameEngineLib */,
			);
		};
/* End PBXProject section */

/* Begin PBXSourcesBuildPhase section */
		C751D18F23099A260050442E /* Sources */ = {
			isa = PBXSourcesBuildPhase;
			buildActionMask = 2147483647;
			files = (
				C78776CC2309E686001C9B91 /* Application.cpp in Sources */,
			);
			runOnlyForDeploymentPostprocessing = 0;
		};
		C77DECCB2307167F00EC63AD /* Sources */ = {
			isa = PBXSourcesBuildPhase;
			buildActionMask = 2147483647;
			files = (
			);
			runOnlyForDeploymentPostprocessing = 0;
		};
/* End PBXSourcesBuildPhase section */

/* Begin XCBuildConfiguration section */
		C751D19323099A260050442E /* Debug */ = {
			isa = XCBuildConfiguration;
			buildSettings = {
				CODE_SIGN_STYLE = Automatic;
				CONFIGURATION_BUILD_DIR = "$(INSTALL_PATH)";
				DSTROOT = /;
				DYLIB_COMPATIBILITY_VERSION = 1;
				DYLIB_CURRENT_VERSION = 1;
				EXECUTABLE_PREFIX = lib;
				GCC_PREPROCESSOR_DEFINITIONS = "";
				INSTALL_PATH = /Users/michaliskaseris/Documents/GameEngine/GameEngine;
				PRODUCT_NAME = "$(TARGET_NAME)";
				SKIP_INSTALL = YES;
			};
			name = Debug;
		};
		C751D19423099A260050442E /* Release */ = {
			isa = XCBuildConfiguration;
			buildSettings = {
				CODE_SIGN_STYLE = Automatic;
				CONFIGURATION_BUILD_DIR = "$(INSTALL_PATH)";
				DSTROOT = /;
				DYLIB_COMPATIBILITY_VERSION = 1;
				DYLIB_CURRENT_VERSION = 1;
				EXECUTABLE_PREFIX = lib;
				GCC_PREPROCESSOR_DEFINITIONS = "";
				INSTALL_PATH = /Users/michaliskaseris/Documents/GameEngine/GameEngine;
				PRODUCT_NAME = "$(TARGET_NAME)";
				SKIP_INSTALL = YES;
			};
			name = Release;
		};
		C77DECD42307167F00EC63AD /* Debug */ = {
			isa = XCBuildConfiguration;
			buildSettings = {
				ALWAYS_SEARCH_USER_PATHS = NO;
				CLANG_ANALYZER_NONNULL = YES;
				CLANG_ANALYZER_NUMBER_OBJECT_CONVERSION = YES_AGGRESSIVE;
				CLANG_CXX_LANGUAGE_STANDARD = "gnu++14";
				CLANG_CXX_LIBRARY = "libc++";
				CLANG_ENABLE_MODULES = YES;
				CLANG_ENABLE_OBJC_ARC = YES;
				CLANG_ENABLE_OBJC_WEAK = YES;
				CLANG_WARN_BLOCK_CAPTURE_AUTORELEASING = YES;
				CLANG_WARN_BOOL_CONVERSION = YES;
				CLANG_WARN_COMMA = YES;
				CLANG_WARN_CONSTANT_CONVERSION = YES;
				CLANG_WARN_DEPRECATED_OBJC_IMPLEMENTATIONS = YES;
				CLANG_WARN_DIRECT_OBJC_ISA_USAGE = YES_ERROR;
				CLANG_WARN_DOCUMENTATION_COMMENTS = YES;
				CLANG_WARN_EMPTY_BODY = YES;
				CLANG_WARN_ENUM_CONVERSION = YES;
				CLANG_WARN_INFINITE_RECURSION = YES;
				CLANG_WARN_INT_CONVERSION = YES;
				CLANG_WARN_NON_LITERAL_NULL_CONVERSION = YES;
				CLANG_WARN_OBJC_IMPLICIT_RETAIN_SELF = YES;
				CLANG_WARN_OBJC_LITERAL_CONVERSION = YES;
				CLANG_WARN_OBJC_ROOT_CLASS = YES_ERROR;
				CLANG_WARN_RANGE_LOOP_ANALYSIS = YES;
				CLANG_WARN_STRICT_PROTOTYPES = YES;
				CLANG_WARN_SUSPICIOUS_MOVE = YES;
				CLANG_WARN_UNGUARDED_AVAILABILITY = YES_AGGRESSIVE;
				CLANG_WARN_UNREACHABLE_CODE = YES;
				CLANG_WARN__DUPLICATE_METHOD_MATCH = YES;
				CODE_SIGN_IDENTITY = "-";
				COPY_PHASE_STRIP = NO;
				DEBUG_INFORMATION_FORMAT = dwarf;
				ENABLE_STRICT_OBJC_MSGSEND = YES;
				ENABLE_TESTABILITY = YES;
				GCC_C_LANGUAGE_STANDARD = gnu11;
				GCC_DYNAMIC_NO_PIC = NO;
				GCC_NO_COMMON_BLOCKS = YES;
				GCC_OPTIMIZATION_LEVEL = 0;
				GCC_PREPROCESSOR_DEFINITIONS = (
					"DEBUG=1",
					"$(inherited)",
				);
				GCC_WARN_64_TO_32_BIT_CONVERSION = YES;
				GCC_WARN_ABOUT_RETURN_TYPE = YES_ERROR;
				GCC_WARN_UNDECLARED_SELECTOR = YES;
				GCC_WARN_UNINITIALIZED_AUTOS = YES_AGGRESSIVE;
				GCC_WARN_UNUSED_FUNCTION = YES;
				GCC_WARN_UNUSED_VARIABLE = YES;
				MACOSX_DEPLOYMENT_TARGET = 10.14;
				MTL_ENABLE_DEBUG_INFO = INCLUDE_SOURCE;
				MTL_FAST_MATH = YES;
				ONLY_ACTIVE_ARCH = YES;
				SDKROOT = macosx;
			};
			name = Debug;
		};
		C77DECD52307167F00EC63AD /* Release */ = {
			isa = XCBuildConfiguration;
			buildSettings = {
				ALWAYS_SEARCH_USER_PATHS = NO;
				CLANG_ANALYZER_NONNULL = YES;
				CLANG_ANALYZER_NUMBER_OBJECT_CONVERSION = YES_AGGRESSIVE;
				CLANG_CXX_LANGUAGE_STANDARD = "gnu++14";
				CLANG_CXX_LIBRARY = "libc++";
				CLANG_ENABLE_MODULES = YES;
				CLANG_ENABLE_OBJC_ARC = YES;
				CLANG_ENABLE_OBJC_WEAK = YES;
				CLANG_WARN_BLOCK_CAPTURE_AUTORELEASING = YES;
				CLANG_WARN_BOOL_CONVERSION = YES;
				CLANG_WARN_COMMA = YES;
				CLANG_WARN_CONSTANT_CONVERSION = YES;
				CLANG_WARN_DEPRECATED_OBJC_IMPLEMENTATIONS = YES;
				CLANG_WARN_DIRECT_OBJC_ISA_USAGE = YES_ERROR;
				CLANG_WARN_DOCUMENTATION_COMMENTS = YES;
				CLANG_WARN_EMPTY_BODY = YES;
				CLANG_WARN_ENUM_CONVERSION = YES;
				CLANG_WARN_INFINITE_RECURSION = YES;
				CLANG_WARN_INT_CONVERSION = YES;
				CLANG_WARN_NON_LITERAL_NULL_CONVERSION = YES;
				CLANG_WARN_OBJC_IMPLICIT_RETAIN_SELF = YES;
				CLANG_WARN_OBJC_LITERAL_CONVERSION = YES;
				CLANG_WARN_OBJC_ROOT_CLASS = YES_ERROR;
				CLANG_WARN_RANGE_LOOP_ANALYSIS = YES;
				CLANG_WARN_STRICT_PROTOTYPES = YES;
				CLANG_WARN_SUSPICIOUS_MOVE = YES;
				CLANG_WARN_UNGUARDED_AVAILABILITY = YES_AGGRESSIVE;
				CLANG_WARN_UNREACHABLE_CODE = YES;
				CLANG_WARN__DUPLICATE_METHOD_MATCH = YES;
				CODE_SIGN_IDENTITY = "-";
				COPY_PHASE_STRIP = NO;
				DEBUG_INFORMATION_FORMAT = "dwarf-with-dsym";
				ENABLE_NS_ASSERTIONS = NO;
				ENABLE_STRICT_OBJC_MSGSEND = YES;
				GCC_C_LANGUAGE_STANDARD = gnu11;
				GCC_NO_COMMON_BLOCKS = YES;
				GCC_WARN_64_TO_32_BIT_CONVERSION = YES;
				GCC_WARN_ABOUT_RETURN_TYPE = YES_ERROR;
				GCC_WARN_UNDECLARED_SELECTOR = YES;
				GCC_WARN_UNINITIALIZED_AUTOS = YES_AGGRESSIVE;
				GCC_WARN_UNUSED_FUNCTION = YES;
				GCC_WARN_UNUSED_VARIABLE = YES;
				MACOSX_DEPLOYMENT_TARGET = 10.14;
				MTL_ENABLE_DEBUG_INFO = NO;
				MTL_FAST_MATH = YES;
				SDKROOT = macosx;
			};
			name = Release;
		};
		C77DECD72307167F00EC63AD /* Debug */ = {
			isa = XCBuildConfiguration;
			buildSettings = {
				CODE_SIGN_STYLE = Automatic;
				PRODUCT_NAME = "$(TARGET_NAME)";
			};
			name = Debug;
		};
		C77DECD82307167F00EC63AD /* Release */ = {
			isa = XCBuildConfiguration;
			buildSettings = {
				CODE_SIGN_STYLE = Automatic;
				PRODUCT_NAME = "$(TARGET_NAME)";
			};
			name = Release;
		};
/* End XCBuildConfiguration section */

/* Begin XCConfigurationList section */
		C751D19523099A260050442E /* Build configuration list for PBXNativeTarget "gameEngineLib" */ = {
			isa = XCConfigurationList;
			buildConfigurations = (
				C751D19323099A260050442E /* Debug */,
				C751D19423099A260050442E /* Release */,
			);
			defaultConfigurationIsVisible = 0;
			defaultConfigurationName = Release;
		};
		C77DECCA2307167F00EC63AD /* Build configuration list for PBXProject "GameEngine" */ = {
			isa = XCConfigurationList;
			buildConfigurations = (
				C77DECD42307167F00EC63AD /* Debug */,
				C77DECD52307167F00EC63AD /* Release */,
			);
			defaultConfigurationIsVisible = 0;
			defaultConfigurationName = Release;
		};
		C77DECD62307167F00EC63AD /* Build configuration list for PBXNativeTarget "GameEngine" */ = {
			isa = XCConfigurationList;
			buildConfigurations = (
				C77DECD72307167F00EC63AD /* Debug */,
				C77DECD82307167F00EC63AD /* Release */,
			);
			defaultConfigurationIsVisible = 0;
			defaultConfigurationName = Release;
		};
/* End XCConfigurationList section */
	};
	rootObject = C77DECC72307167F00EC63AD /* Project object */;
}
